
Microsoft Visual Studio Solution File, Format Version 12.00
# Visual Studio Version 16
VisualStudioVersion = 16.0.29707.192
MinimumVisualStudioVersion = 10.0.40219.1
Project("{2150E333-8FDC-42A3-9474-1A3956D46DE8}") = "DuplicateSocket", "DuplicateSocket", "{437FBA88-D655-4112-B304-ADB93BA7BA62}"
EndProject
Project("{2150E333-8FDC-42A3-9474-1A3956D46DE8}") = "BasicTCP", "BasicTCP", "{8779B6D6-49BA-42BF-8C4E-3FE87AEB2BD9}"
EndProject
Project("{9A19103F-16F7-4668-BE54-9A1E7A4F7556}") = "BasicTcpServer-dotnet", "BasicTCP\BasicTcpServer-dotnet\BasicTcpServer-dotnet.csproj", "{AAA485BB-C0A5-444E-AC77-2113BD232916}"
EndProject
Project("{9A19103F-16F7-4668-BE54-9A1E7A4F7556}") = "BasicTcpClient-dotnet", "BasicTCP\BasicTcpClient-dotnet\BasicTcpClient-dotnet.csproj", "{FBCA8DB5-5162-4851-8AF8-A4ECFAF43F16}"
EndProject
Project("{9A19103F-16F7-4668-BE54-9A1E7A4F7556}") = "DuplicateSocket-ListenerServer", "DuplicateSocket\DuplicateSocket-ListenerServer\DuplicateSocket-ListenerServer.csproj", "{70046DD1-A276-4920-8DCF-45AC8BFD4446}"
EndProject
Project("{9A19103F-16F7-4668-BE54-9A1E7A4F7556}") = "DuplicateSocket-HandlerServer", "DuplicateSocket\DuplicateSocket-HandlerServer\DuplicateSocket-HandlerServer.csproj", "{060BBE8F-9ABF-4682-B473-60620911E11E}"
EndProject
Project("{2150E333-8FDC-42A3-9474-1A3956D46DE8}") = "Other", "Other", "{B467C2BF-079C-4242-98CC-D814E4225ABD}"
EndProject
Project("{9A19103F-16F7-4668-BE54-9A1E7A4F7556}") = "OverlappedIOToTask", "Other\OverlappedIOToTask\OverlappedIOToTask.csproj", "{7384B59E-63A4-4E50-B377-FCE9F9A63508}"
EndProject
Project("{8BC9CEB8-8B4A-11D0-8D11-00A0C91BC942}") = "BasicTcpClient-Win32", "BasicTCP\BasicTcpClient-Win32\BasicTcpClient-Win32.vcxproj", "{64243555-E6C9-4299-90A2-EDB5038C03D8}"
EndProject
Project("{8BC9CEB8-8B4A-11D0-8D11-00A0C91BC942}") = "DuplicateSocket-ClientFactory-Win32", "DuplicateSocket\DuplicateSocket-ClientFactory-Win32\DuplicateSocket-ClientFactory-Win32.vcxproj", "{40566E96-67FC-4DE2-B787-31EB859BBDD9}"
EndProject
Project("{8BC9CEB8-8B4A-11D0-8D11-00A0C91BC942}") = "DuplicateSocket-Client-Win32", "DuplicateSocket\DuplicateSocket-Client-Win32\DuplicateSocket-Client-Win32.vcxproj", "{E12DC8AA-5A9D-4E15-A689-43EEA273DA68}"
EndProject
Project("{8BC9CEB8-8B4A-11D0-8D11-00A0C91BC942}") = "ControlDupHandleInheritance", "ControlDupHandleInheritance\ControlDupHandleInheritance.vcxproj", "{F54D5E70-E881-4F76-BAC5-775FF76838E7}"
EndProject
Project("{2150E333-8FDC-42A3-9474-1A3956D46DE8}") = "BasicUDP", "BasicUDP", "{FAF9EA2C-EADD-4CA0-A437-4EF94837710A}"
EndProject
Project("{2150E333-8FDC-42A3-9474-1A3956D46DE8}") = "UDP", "UDP", "{811D341C-FFA3-4BFD-8B26-BDB9A42E59CB}"
EndProject
Project("{9A19103F-16F7-4668-BE54-9A1E7A4F7556}") = "UDP-SendTo-ReceiveFrom", "UDP\UDP-SendTo-ReceiveFrom\UDP-SendTo-ReceiveFrom.csproj", "{189A1D9A-3FB5-4BCA-847E-2EC62D977C4F}"
EndProject
Project("{9A19103F-16F7-4668-BE54-9A1E7A4F7556}") = "UDP-StressTest", "UDP\UDP-StressTest\UDP-StressTest.csproj", "{806FF76B-F874-4BF9-BEF9-B05304B21F97}"
EndProject
Project("{8BC9CEB8-8B4A-11D0-8D11-00A0C91BC942}") = "BasicTcpClient-Linux", "BasicTCP\BasicTcpClient-Linux\BasicTcpClient-Linux.vcxproj", "{8A443633-5B7E-435E-B3BB-D3246A1D89F5}"
EndProject
Project("{8BC9CEB8-8B4A-11D0-8D11-00A0C91BC942}") = "BasicTcpServer-Linux", "BasicTCP\BasicTcpServer-Linux\BasicTcpServer-Linux.vcxproj", "{7FEDA929-669B-40DE-B361-0A0812C83F62}"
EndProject
Project("{8BC9CEB8-8B4A-11D0-8D11-00A0C91BC942}") = "LinuxIOPlayground", "Other\LinuxIOPlayground\LinuxIOPlayground.vcxproj", "{9504A2E6-4A46-410C-90FB-F03AC125D57B}"
EndProject
Project("{8BC9CEB8-8B4A-11D0-8D11-00A0C91BC942}") = "UringTcpClient", "BasicTCP\UringTcpClient\UringTcpClient.vcxproj", "{8E442150-1D97-4115-A1F1-90F7D2BE885F}"
EndProject
Project("{2150E333-8FDC-42A3-9474-1A3956D46DE8}") = "Server", "Server", "{AC38B859-BE3A-4B39-95C9-480BE8637AF0}"
EndProject
Project("{2150E333-8FDC-42A3-9474-1A3956D46DE8}") = "Client", "Client", "{87B024B5-97A7-4BB4-B37F-00DB225CE7ED}"
EndProject
Project("{2150E333-8FDC-42A3-9474-1A3956D46DE8}") = "DelayedAck", "DelayedAck", "{48A17250-09EF-4D2A-9A52-59CCBEC8D7AD}"
EndProject
Project("{9A19103F-16F7-4668-BE54-9A1E7A4F7556}") = "DelayedAck-Client", "DelayedAck\DelayedAck-Client\DelayedAck-Client.csproj", "{B38CED33-F3A4-42BE-8519-6A58FD3CCAD1}"
EndProject
Project("{9A19103F-16F7-4668-BE54-9A1E7A4F7556}") = "DelayedAck-Server", "DelayedAck\DelayedAck-Server\DelayedAck-Server.csproj", "{576252AD-D14C-4376-80F4-4A8CED4FFE40}"
EndProject
Project("{2150E333-8FDC-42A3-9474-1A3956D46DE8}") = "TcpDelayTest", "TcpDelayTest", "{B6E6C3F0-74F2-46DE-B169-1E98CFC28D68}"
EndProject
Project("{9A19103F-16F7-4668-BE54-9A1E7A4F7556}") = "TcpDelayTest_Server", "TcpDelayTest\TcpDelayTest_Server\TcpDelayTest_Server.csproj", "{405C5993-8422-436D-9CB8-EBA0F9C2297B}"
EndProject
Project("{9A19103F-16F7-4668-BE54-9A1E7A4F7556}") = "TcpDelayTest_Client", "TcpDelayTest\TcpDelayTest_Client\TcpDelayTest_Client.csproj", "{FC0F3BC8-D214-4511-9896-98AC960C9158}"
EndProject
Project("{8BC9CEB8-8B4A-11D0-8D11-00A0C91BC942}") = "UDP-BindTest-Win32", "UDP\UDP-BindTest-Win32\UDP-BindTest-Win32.vcxproj", "{96BF57B1-0D7E-497F-943E-522C419A0B0D}"
EndProject
Project("{9A19103F-16F7-4668-BE54-9A1E7A4F7556}") = "UDP-Sendar", "UDP\UDP-Sendar\UDP-Sendar.csproj", "{110D4243-21DA-45C5-A339-CBB539396B0A}"
EndProject
Project("{2150E333-8FDC-42A3-9474-1A3956D46DE8}") = "Http", "Http", "{20493E4C-A7E7-4F55-A363-2A9D9B4D2855}"
EndProject
Project("{8BC9CEB8-8B4A-11D0-8D11-00A0C91BC942}") = "WinHttpSandbox", "Http\WinHttpSandbox\WinHttpSandbox.vcxproj", "{0A88CA7B-652F-4909-9279-A15C35E9F2DE}"
EndProject
Project("{8BC9CEB8-8B4A-11D0-8D11-00A0C91BC942}") = "LinuxSocketsPlayground", "Other\LinuxSocketsPlayground\LinuxSocketsPlayground.vcxproj", "{EF6AB3F9-98F8-4E14-AE7E-6F52BC774D00}"
EndProject
Global
	GlobalSection(SolutionConfigurationPlatforms) = preSolution
		Debug|Any CPU = Debug|Any CPU
		Debug|ARM = Debug|ARM
		Debug|ARM64 = Debug|ARM64
		Debug|x64 = Debug|x64
		Debug|x86 = Debug|x86
		Release|Any CPU = Release|Any CPU
		Release|ARM = Release|ARM
		Release|ARM64 = Release|ARM64
		Release|x64 = Release|x64
		Release|x86 = Release|x86
	EndGlobalSection
	GlobalSection(ProjectConfigurationPlatforms) = postSolution
		{AAA485BB-C0A5-444E-AC77-2113BD232916}.Debug|Any CPU.ActiveCfg = Debug|Any CPU
		{AAA485BB-C0A5-444E-AC77-2113BD232916}.Debug|Any CPU.Build.0 = Debug|Any CPU
		{AAA485BB-C0A5-444E-AC77-2113BD232916}.Debug|ARM.ActiveCfg = Debug|Any CPU
		{AAA485BB-C0A5-444E-AC77-2113BD232916}.Debug|ARM.Build.0 = Debug|Any CPU
		{AAA485BB-C0A5-444E-AC77-2113BD232916}.Debug|ARM64.ActiveCfg = Debug|Any CPU
		{AAA485BB-C0A5-444E-AC77-2113BD232916}.Debug|ARM64.Build.0 = Debug|Any CPU
		{AAA485BB-C0A5-444E-AC77-2113BD232916}.Debug|x64.ActiveCfg = Debug|Any CPU
		{AAA485BB-C0A5-444E-AC77-2113BD232916}.Debug|x64.Build.0 = Debug|Any CPU
		{AAA485BB-C0A5-444E-AC77-2113BD232916}.Debug|x86.ActiveCfg = Debug|Any CPU
		{AAA485BB-C0A5-444E-AC77-2113BD232916}.Debug|x86.Build.0 = Debug|Any CPU
		{AAA485BB-C0A5-444E-AC77-2113BD232916}.Release|Any CPU.ActiveCfg = Release|Any CPU
		{AAA485BB-C0A5-444E-AC77-2113BD232916}.Release|Any CPU.Build.0 = Release|Any CPU
		{AAA485BB-C0A5-444E-AC77-2113BD232916}.Release|ARM.ActiveCfg = Release|Any CPU
		{AAA485BB-C0A5-444E-AC77-2113BD232916}.Release|ARM.Build.0 = Release|Any CPU
		{AAA485BB-C0A5-444E-AC77-2113BD232916}.Release|ARM64.ActiveCfg = Release|Any CPU
		{AAA485BB-C0A5-444E-AC77-2113BD232916}.Release|ARM64.Build.0 = Release|Any CPU
		{AAA485BB-C0A5-444E-AC77-2113BD232916}.Release|x64.ActiveCfg = Release|Any CPU
		{AAA485BB-C0A5-444E-AC77-2113BD232916}.Release|x64.Build.0 = Release|Any CPU
		{AAA485BB-C0A5-444E-AC77-2113BD232916}.Release|x86.ActiveCfg = Release|Any CPU
		{AAA485BB-C0A5-444E-AC77-2113BD232916}.Release|x86.Build.0 = Release|Any CPU
		{FBCA8DB5-5162-4851-8AF8-A4ECFAF43F16}.Debug|Any CPU.ActiveCfg = Debug|Any CPU
		{FBCA8DB5-5162-4851-8AF8-A4ECFAF43F16}.Debug|Any CPU.Build.0 = Debug|Any CPU
		{FBCA8DB5-5162-4851-8AF8-A4ECFAF43F16}.Debug|ARM.ActiveCfg = Debug|Any CPU
		{FBCA8DB5-5162-4851-8AF8-A4ECFAF43F16}.Debug|ARM.Build.0 = Debug|Any CPU
		{FBCA8DB5-5162-4851-8AF8-A4ECFAF43F16}.Debug|ARM64.ActiveCfg = Debug|Any CPU
		{FBCA8DB5-5162-4851-8AF8-A4ECFAF43F16}.Debug|ARM64.Build.0 = Debug|Any CPU
		{FBCA8DB5-5162-4851-8AF8-A4ECFAF43F16}.Debug|x64.ActiveCfg = Debug|Any CPU
		{FBCA8DB5-5162-4851-8AF8-A4ECFAF43F16}.Debug|x64.Build.0 = Debug|Any CPU
		{FBCA8DB5-5162-4851-8AF8-A4ECFAF43F16}.Debug|x86.ActiveCfg = Debug|Any CPU
		{FBCA8DB5-5162-4851-8AF8-A4ECFAF43F16}.Debug|x86.Build.0 = Debug|Any CPU
		{FBCA8DB5-5162-4851-8AF8-A4ECFAF43F16}.Release|Any CPU.ActiveCfg = Release|Any CPU
		{FBCA8DB5-5162-4851-8AF8-A4ECFAF43F16}.Release|Any CPU.Build.0 = Release|Any CPU
		{FBCA8DB5-5162-4851-8AF8-A4ECFAF43F16}.Release|ARM.ActiveCfg = Release|Any CPU
		{FBCA8DB5-5162-4851-8AF8-A4ECFAF43F16}.Release|ARM.Build.0 = Release|Any CPU
		{FBCA8DB5-5162-4851-8AF8-A4ECFAF43F16}.Release|ARM64.ActiveCfg = Release|Any CPU
		{FBCA8DB5-5162-4851-8AF8-A4ECFAF43F16}.Release|ARM64.Build.0 = Release|Any CPU
		{FBCA8DB5-5162-4851-8AF8-A4ECFAF43F16}.Release|x64.ActiveCfg = Release|Any CPU
		{FBCA8DB5-5162-4851-8AF8-A4ECFAF43F16}.Release|x64.Build.0 = Release|Any CPU
		{FBCA8DB5-5162-4851-8AF8-A4ECFAF43F16}.Release|x86.ActiveCfg = Release|Any CPU
		{FBCA8DB5-5162-4851-8AF8-A4ECFAF43F16}.Release|x86.Build.0 = Release|Any CPU
		{70046DD1-A276-4920-8DCF-45AC8BFD4446}.Debug|Any CPU.ActiveCfg = Debug|Any CPU
		{70046DD1-A276-4920-8DCF-45AC8BFD4446}.Debug|Any CPU.Build.0 = Debug|Any CPU
		{70046DD1-A276-4920-8DCF-45AC8BFD4446}.Debug|ARM.ActiveCfg = Debug|Any CPU
		{70046DD1-A276-4920-8DCF-45AC8BFD4446}.Debug|ARM.Build.0 = Debug|Any CPU
		{70046DD1-A276-4920-8DCF-45AC8BFD4446}.Debug|ARM64.ActiveCfg = Debug|Any CPU
		{70046DD1-A276-4920-8DCF-45AC8BFD4446}.Debug|ARM64.Build.0 = Debug|Any CPU
		{70046DD1-A276-4920-8DCF-45AC8BFD4446}.Debug|x64.ActiveCfg = Debug|Any CPU
		{70046DD1-A276-4920-8DCF-45AC8BFD4446}.Debug|x64.Build.0 = Debug|Any CPU
		{70046DD1-A276-4920-8DCF-45AC8BFD4446}.Debug|x86.ActiveCfg = Debug|Any CPU
		{70046DD1-A276-4920-8DCF-45AC8BFD4446}.Debug|x86.Build.0 = Debug|Any CPU
		{70046DD1-A276-4920-8DCF-45AC8BFD4446}.Release|Any CPU.ActiveCfg = Release|Any CPU
		{70046DD1-A276-4920-8DCF-45AC8BFD4446}.Release|Any CPU.Build.0 = Release|Any CPU
		{70046DD1-A276-4920-8DCF-45AC8BFD4446}.Release|ARM.ActiveCfg = Release|Any CPU
		{70046DD1-A276-4920-8DCF-45AC8BFD4446}.Release|ARM.Build.0 = Release|Any CPU
		{70046DD1-A276-4920-8DCF-45AC8BFD4446}.Release|ARM64.ActiveCfg = Release|Any CPU
		{70046DD1-A276-4920-8DCF-45AC8BFD4446}.Release|ARM64.Build.0 = Release|Any CPU
		{70046DD1-A276-4920-8DCF-45AC8BFD4446}.Release|x64.ActiveCfg = Release|Any CPU
		{70046DD1-A276-4920-8DCF-45AC8BFD4446}.Release|x64.Build.0 = Release|Any CPU
		{70046DD1-A276-4920-8DCF-45AC8BFD4446}.Release|x86.ActiveCfg = Release|Any CPU
		{70046DD1-A276-4920-8DCF-45AC8BFD4446}.Release|x86.Build.0 = Release|Any CPU
		{060BBE8F-9ABF-4682-B473-60620911E11E}.Debug|Any CPU.ActiveCfg = Debug|Any CPU
		{060BBE8F-9ABF-4682-B473-60620911E11E}.Debug|Any CPU.Build.0 = Debug|Any CPU
		{060BBE8F-9ABF-4682-B473-60620911E11E}.Debug|ARM.ActiveCfg = Debug|Any CPU
		{060BBE8F-9ABF-4682-B473-60620911E11E}.Debug|ARM.Build.0 = Debug|Any CPU
		{060BBE8F-9ABF-4682-B473-60620911E11E}.Debug|ARM64.ActiveCfg = Debug|Any CPU
		{060BBE8F-9ABF-4682-B473-60620911E11E}.Debug|ARM64.Build.0 = Debug|Any CPU
		{060BBE8F-9ABF-4682-B473-60620911E11E}.Debug|x64.ActiveCfg = Debug|Any CPU
		{060BBE8F-9ABF-4682-B473-60620911E11E}.Debug|x64.Build.0 = Debug|Any CPU
		{060BBE8F-9ABF-4682-B473-60620911E11E}.Debug|x86.ActiveCfg = Debug|Any CPU
		{060BBE8F-9ABF-4682-B473-60620911E11E}.Debug|x86.Build.0 = Debug|Any CPU
		{060BBE8F-9ABF-4682-B473-60620911E11E}.Release|Any CPU.ActiveCfg = Release|Any CPU
		{060BBE8F-9ABF-4682-B473-60620911E11E}.Release|Any CPU.Build.0 = Release|Any CPU
		{060BBE8F-9ABF-4682-B473-60620911E11E}.Release|ARM.ActiveCfg = Release|Any CPU
		{060BBE8F-9ABF-4682-B473-60620911E11E}.Release|ARM.Build.0 = Release|Any CPU
		{060BBE8F-9ABF-4682-B473-60620911E11E}.Release|ARM64.ActiveCfg = Release|Any CPU
		{060BBE8F-9ABF-4682-B473-60620911E11E}.Release|ARM64.Build.0 = Release|Any CPU
		{060BBE8F-9ABF-4682-B473-60620911E11E}.Release|x64.ActiveCfg = Release|Any CPU
		{060BBE8F-9ABF-4682-B473-60620911E11E}.Release|x64.Build.0 = Release|Any CPU
		{060BBE8F-9ABF-4682-B473-60620911E11E}.Release|x86.ActiveCfg = Release|Any CPU
		{060BBE8F-9ABF-4682-B473-60620911E11E}.Release|x86.Build.0 = Release|Any CPU
		{7384B59E-63A4-4E50-B377-FCE9F9A63508}.Debug|Any CPU.ActiveCfg = Debug|Any CPU
		{7384B59E-63A4-4E50-B377-FCE9F9A63508}.Debug|Any CPU.Build.0 = Debug|Any CPU
		{7384B59E-63A4-4E50-B377-FCE9F9A63508}.Debug|ARM.ActiveCfg = Debug|Any CPU
		{7384B59E-63A4-4E50-B377-FCE9F9A63508}.Debug|ARM.Build.0 = Debug|Any CPU
		{7384B59E-63A4-4E50-B377-FCE9F9A63508}.Debug|ARM64.ActiveCfg = Debug|Any CPU
		{7384B59E-63A4-4E50-B377-FCE9F9A63508}.Debug|ARM64.Build.0 = Debug|Any CPU
		{7384B59E-63A4-4E50-B377-FCE9F9A63508}.Debug|x64.ActiveCfg = Debug|Any CPU
		{7384B59E-63A4-4E50-B377-FCE9F9A63508}.Debug|x64.Build.0 = Debug|Any CPU
		{7384B59E-63A4-4E50-B377-FCE9F9A63508}.Debug|x86.ActiveCfg = Debug|Any CPU
		{7384B59E-63A4-4E50-B377-FCE9F9A63508}.Debug|x86.Build.0 = Debug|Any CPU
		{7384B59E-63A4-4E50-B377-FCE9F9A63508}.Release|Any CPU.ActiveCfg = Release|Any CPU
		{7384B59E-63A4-4E50-B377-FCE9F9A63508}.Release|Any CPU.Build.0 = Release|Any CPU
		{7384B59E-63A4-4E50-B377-FCE9F9A63508}.Release|ARM.ActiveCfg = Release|Any CPU
		{7384B59E-63A4-4E50-B377-FCE9F9A63508}.Release|ARM.Build.0 = Release|Any CPU
		{7384B59E-63A4-4E50-B377-FCE9F9A63508}.Release|ARM64.ActiveCfg = Release|Any CPU
		{7384B59E-63A4-4E50-B377-FCE9F9A63508}.Release|ARM64.Build.0 = Release|Any CPU
		{7384B59E-63A4-4E50-B377-FCE9F9A63508}.Release|x64.ActiveCfg = Release|Any CPU
		{7384B59E-63A4-4E50-B377-FCE9F9A63508}.Release|x64.Build.0 = Release|Any CPU
		{7384B59E-63A4-4E50-B377-FCE9F9A63508}.Release|x86.ActiveCfg = Release|Any CPU
		{7384B59E-63A4-4E50-B377-FCE9F9A63508}.Release|x86.Build.0 = Release|Any CPU
		{64243555-E6C9-4299-90A2-EDB5038C03D8}.Debug|Any CPU.ActiveCfg = Debug|Win32
		{64243555-E6C9-4299-90A2-EDB5038C03D8}.Debug|ARM.ActiveCfg = Debug|Win32
		{64243555-E6C9-4299-90A2-EDB5038C03D8}.Debug|ARM64.ActiveCfg = Debug|Win32
		{64243555-E6C9-4299-90A2-EDB5038C03D8}.Debug|x64.ActiveCfg = Debug|x64
		{64243555-E6C9-4299-90A2-EDB5038C03D8}.Debug|x64.Build.0 = Debug|x64
		{64243555-E6C9-4299-90A2-EDB5038C03D8}.Debug|x86.ActiveCfg = Debug|Win32
		{64243555-E6C9-4299-90A2-EDB5038C03D8}.Debug|x86.Build.0 = Debug|Win32
		{64243555-E6C9-4299-90A2-EDB5038C03D8}.Release|Any CPU.ActiveCfg = Release|Win32
		{64243555-E6C9-4299-90A2-EDB5038C03D8}.Release|ARM.ActiveCfg = Release|Win32
		{64243555-E6C9-4299-90A2-EDB5038C03D8}.Release|ARM64.ActiveCfg = Release|Win32
		{64243555-E6C9-4299-90A2-EDB5038C03D8}.Release|x64.ActiveCfg = Release|x64
		{64243555-E6C9-4299-90A2-EDB5038C03D8}.Release|x64.Build.0 = Release|x64
		{64243555-E6C9-4299-90A2-EDB5038C03D8}.Release|x86.ActiveCfg = Release|Win32
		{64243555-E6C9-4299-90A2-EDB5038C03D8}.Release|x86.Build.0 = Release|Win32
		{40566E96-67FC-4DE2-B787-31EB859BBDD9}.Debug|Any CPU.ActiveCfg = Debug|Win32
		{40566E96-67FC-4DE2-B787-31EB859BBDD9}.Debug|ARM.ActiveCfg = Debug|Win32
		{40566E96-67FC-4DE2-B787-31EB859BBDD9}.Debug|ARM64.ActiveCfg = Debug|Win32
		{40566E96-67FC-4DE2-B787-31EB859BBDD9}.Debug|x64.ActiveCfg = Debug|x64
		{40566E96-67FC-4DE2-B787-31EB859BBDD9}.Debug|x64.Build.0 = Debug|x64
		{40566E96-67FC-4DE2-B787-31EB859BBDD9}.Debug|x86.ActiveCfg = Debug|Win32
		{40566E96-67FC-4DE2-B787-31EB859BBDD9}.Debug|x86.Build.0 = Debug|Win32
		{40566E96-67FC-4DE2-B787-31EB859BBDD9}.Release|Any CPU.ActiveCfg = Release|Win32
		{40566E96-67FC-4DE2-B787-31EB859BBDD9}.Release|ARM.ActiveCfg = Release|Win32
		{40566E96-67FC-4DE2-B787-31EB859BBDD9}.Release|ARM64.ActiveCfg = Release|Win32
		{40566E96-67FC-4DE2-B787-31EB859BBDD9}.Release|x64.ActiveCfg = Release|x64
		{40566E96-67FC-4DE2-B787-31EB859BBDD9}.Release|x64.Build.0 = Release|x64
		{40566E96-67FC-4DE2-B787-31EB859BBDD9}.Release|x86.ActiveCfg = Release|Win32
		{40566E96-67FC-4DE2-B787-31EB859BBDD9}.Release|x86.Build.0 = Release|Win32
		{E12DC8AA-5A9D-4E15-A689-43EEA273DA68}.Debug|Any CPU.ActiveCfg = Debug|Win32
		{E12DC8AA-5A9D-4E15-A689-43EEA273DA68}.Debug|ARM.ActiveCfg = Debug|Win32
		{E12DC8AA-5A9D-4E15-A689-43EEA273DA68}.Debug|ARM64.ActiveCfg = Debug|Win32
		{E12DC8AA-5A9D-4E15-A689-43EEA273DA68}.Debug|x64.ActiveCfg = Debug|x64
		{E12DC8AA-5A9D-4E15-A689-43EEA273DA68}.Debug|x64.Build.0 = Debug|x64
		{E12DC8AA-5A9D-4E15-A689-43EEA273DA68}.Debug|x86.ActiveCfg = Debug|Win32
		{E12DC8AA-5A9D-4E15-A689-43EEA273DA68}.Debug|x86.Build.0 = Debug|Win32
		{E12DC8AA-5A9D-4E15-A689-43EEA273DA68}.Release|Any CPU.ActiveCfg = Release|Win32
		{E12DC8AA-5A9D-4E15-A689-43EEA273DA68}.Release|ARM.ActiveCfg = Release|Win32
		{E12DC8AA-5A9D-4E15-A689-43EEA273DA68}.Release|ARM64.ActiveCfg = Release|Win32
		{E12DC8AA-5A9D-4E15-A689-43EEA273DA68}.Release|x64.ActiveCfg = Release|x64
		{E12DC8AA-5A9D-4E15-A689-43EEA273DA68}.Release|x64.Build.0 = Release|x64
		{E12DC8AA-5A9D-4E15-A689-43EEA273DA68}.Release|x86.ActiveCfg = Release|Win32
		{E12DC8AA-5A9D-4E15-A689-43EEA273DA68}.Release|x86.Build.0 = Release|Win32
		{F54D5E70-E881-4F76-BAC5-775FF76838E7}.Debug|Any CPU.ActiveCfg = Debug|Win32
		{F54D5E70-E881-4F76-BAC5-775FF76838E7}.Debug|ARM.ActiveCfg = Debug|Win32
		{F54D5E70-E881-4F76-BAC5-775FF76838E7}.Debug|ARM64.ActiveCfg = Debug|Win32
		{F54D5E70-E881-4F76-BAC5-775FF76838E7}.Debug|x64.ActiveCfg = Debug|x64
		{F54D5E70-E881-4F76-BAC5-775FF76838E7}.Debug|x64.Build.0 = Debug|x64
		{F54D5E70-E881-4F76-BAC5-775FF76838E7}.Debug|x86.ActiveCfg = Debug|Win32
		{F54D5E70-E881-4F76-BAC5-775FF76838E7}.Debug|x86.Build.0 = Debug|Win32
		{F54D5E70-E881-4F76-BAC5-775FF76838E7}.Release|Any CPU.ActiveCfg = Release|Win32
		{F54D5E70-E881-4F76-BAC5-775FF76838E7}.Release|ARM.ActiveCfg = Release|Win32
		{F54D5E70-E881-4F76-BAC5-775FF76838E7}.Release|ARM64.ActiveCfg = Release|Win32
		{F54D5E70-E881-4F76-BAC5-775FF76838E7}.Release|x64.ActiveCfg = Release|x64
		{F54D5E70-E881-4F76-BAC5-775FF76838E7}.Release|x64.Build.0 = Release|x64
		{F54D5E70-E881-4F76-BAC5-775FF76838E7}.Release|x86.ActiveCfg = Release|Win32
		{F54D5E70-E881-4F76-BAC5-775FF76838E7}.Release|x86.Build.0 = Release|Win32
		{189A1D9A-3FB5-4BCA-847E-2EC62D977C4F}.Debug|Any CPU.ActiveCfg = Debug|Any CPU
		{189A1D9A-3FB5-4BCA-847E-2EC62D977C4F}.Debug|Any CPU.Build.0 = Debug|Any CPU
		{189A1D9A-3FB5-4BCA-847E-2EC62D977C4F}.Debug|ARM.ActiveCfg = Debug|Any CPU
		{189A1D9A-3FB5-4BCA-847E-2EC62D977C4F}.Debug|ARM.Build.0 = Debug|Any CPU
		{189A1D9A-3FB5-4BCA-847E-2EC62D977C4F}.Debug|ARM64.ActiveCfg = Debug|Any CPU
		{189A1D9A-3FB5-4BCA-847E-2EC62D977C4F}.Debug|ARM64.Build.0 = Debug|Any CPU
		{189A1D9A-3FB5-4BCA-847E-2EC62D977C4F}.Debug|x64.ActiveCfg = Debug|Any CPU
		{189A1D9A-3FB5-4BCA-847E-2EC62D977C4F}.Debug|x64.Build.0 = Debug|Any CPU
		{189A1D9A-3FB5-4BCA-847E-2EC62D977C4F}.Debug|x86.ActiveCfg = Debug|Any CPU
		{189A1D9A-3FB5-4BCA-847E-2EC62D977C4F}.Debug|x86.Build.0 = Debug|Any CPU
		{189A1D9A-3FB5-4BCA-847E-2EC62D977C4F}.Release|Any CPU.ActiveCfg = Release|Any CPU
		{189A1D9A-3FB5-4BCA-847E-2EC62D977C4F}.Release|Any CPU.Build.0 = Release|Any CPU
		{189A1D9A-3FB5-4BCA-847E-2EC62D977C4F}.Release|ARM.ActiveCfg = Release|Any CPU
		{189A1D9A-3FB5-4BCA-847E-2EC62D977C4F}.Release|ARM.Build.0 = Release|Any CPU
		{189A1D9A-3FB5-4BCA-847E-2EC62D977C4F}.Release|ARM64.ActiveCfg = Release|Any CPU
		{189A1D9A-3FB5-4BCA-847E-2EC62D977C4F}.Release|ARM64.Build.0 = Release|Any CPU
		{189A1D9A-3FB5-4BCA-847E-2EC62D977C4F}.Release|x64.ActiveCfg = Release|Any CPU
		{189A1D9A-3FB5-4BCA-847E-2EC62D977C4F}.Release|x64.Build.0 = Release|Any CPU
		{189A1D9A-3FB5-4BCA-847E-2EC62D977C4F}.Release|x86.ActiveCfg = Release|Any CPU
		{189A1D9A-3FB5-4BCA-847E-2EC62D977C4F}.Release|x86.Build.0 = Release|Any CPU
		{806FF76B-F874-4BF9-BEF9-B05304B21F97}.Debug|Any CPU.ActiveCfg = Debug|Any CPU
		{806FF76B-F874-4BF9-BEF9-B05304B21F97}.Debug|Any CPU.Build.0 = Debug|Any CPU
		{806FF76B-F874-4BF9-BEF9-B05304B21F97}.Debug|ARM.ActiveCfg = Debug|Any CPU
		{806FF76B-F874-4BF9-BEF9-B05304B21F97}.Debug|ARM.Build.0 = Debug|Any CPU
		{806FF76B-F874-4BF9-BEF9-B05304B21F97}.Debug|ARM64.ActiveCfg = Debug|Any CPU
		{806FF76B-F874-4BF9-BEF9-B05304B21F97}.Debug|ARM64.Build.0 = Debug|Any CPU
		{806FF76B-F874-4BF9-BEF9-B05304B21F97}.Debug|x64.ActiveCfg = Debug|Any CPU
		{806FF76B-F874-4BF9-BEF9-B05304B21F97}.Debug|x64.Build.0 = Debug|Any CPU
		{806FF76B-F874-4BF9-BEF9-B05304B21F97}.Debug|x86.ActiveCfg = Debug|Any CPU
		{806FF76B-F874-4BF9-BEF9-B05304B21F97}.Debug|x86.Build.0 = Debug|Any CPU
		{806FF76B-F874-4BF9-BEF9-B05304B21F97}.Release|Any CPU.ActiveCfg = Release|Any CPU
		{806FF76B-F874-4BF9-BEF9-B05304B21F97}.Release|Any CPU.Build.0 = Release|Any CPU
		{806FF76B-F874-4BF9-BEF9-B05304B21F97}.Release|ARM.ActiveCfg = Release|Any CPU
		{806FF76B-F874-4BF9-BEF9-B05304B21F97}.Release|ARM.Build.0 = Release|Any CPU
		{806FF76B-F874-4BF9-BEF9-B05304B21F97}.Release|ARM64.ActiveCfg = Release|Any CPU
		{806FF76B-F874-4BF9-BEF9-B05304B21F97}.Release|ARM64.Build.0 = Release|Any CPU
		{806FF76B-F874-4BF9-BEF9-B05304B21F97}.Release|x64.ActiveCfg = Release|Any CPU
		{806FF76B-F874-4BF9-BEF9-B05304B21F97}.Release|x64.Build.0 = Release|Any CPU
		{806FF76B-F874-4BF9-BEF9-B05304B21F97}.Release|x86.ActiveCfg = Release|Any CPU
		{806FF76B-F874-4BF9-BEF9-B05304B21F97}.Release|x86.Build.0 = Release|Any CPU
		{8A443633-5B7E-435E-B3BB-D3246A1D89F5}.Debug|Any CPU.ActiveCfg = Debug|x86
		{8A443633-5B7E-435E-B3BB-D3246A1D89F5}.Debug|ARM.ActiveCfg = Debug|ARM
		{8A443633-5B7E-435E-B3BB-D3246A1D89F5}.Debug|ARM.Build.0 = Debug|ARM
		{8A443633-5B7E-435E-B3BB-D3246A1D89F5}.Debug|ARM.Deploy.0 = Debug|ARM
		{8A443633-5B7E-435E-B3BB-D3246A1D89F5}.Debug|ARM64.ActiveCfg = Debug|ARM64
		{8A443633-5B7E-435E-B3BB-D3246A1D89F5}.Debug|ARM64.Build.0 = Debug|ARM64
		{8A443633-5B7E-435E-B3BB-D3246A1D89F5}.Debug|ARM64.Deploy.0 = Debug|ARM64
		{8A443633-5B7E-435E-B3BB-D3246A1D89F5}.Debug|x64.ActiveCfg = Debug|x64
		{8A443633-5B7E-435E-B3BB-D3246A1D89F5}.Debug|x64.Build.0 = Debug|x64
		{8A443633-5B7E-435E-B3BB-D3246A1D89F5}.Debug|x64.Deploy.0 = Debug|x64
		{8A443633-5B7E-435E-B3BB-D3246A1D89F5}.Debug|x86.ActiveCfg = Debug|x86
		{8A443633-5B7E-435E-B3BB-D3246A1D89F5}.Debug|x86.Build.0 = Debug|x86
		{8A443633-5B7E-435E-B3BB-D3246A1D89F5}.Debug|x86.Deploy.0 = Debug|x86
		{8A443633-5B7E-435E-B3BB-D3246A1D89F5}.Release|Any CPU.ActiveCfg = Release|x86
		{8A443633-5B7E-435E-B3BB-D3246A1D89F5}.Release|ARM.ActiveCfg = Release|ARM
		{8A443633-5B7E-435E-B3BB-D3246A1D89F5}.Release|ARM.Build.0 = Release|ARM
		{8A443633-5B7E-435E-B3BB-D3246A1D89F5}.Release|ARM.Deploy.0 = Release|ARM
		{8A443633-5B7E-435E-B3BB-D3246A1D89F5}.Release|ARM64.ActiveCfg = Release|ARM64
		{8A443633-5B7E-435E-B3BB-D3246A1D89F5}.Release|ARM64.Build.0 = Release|ARM64
		{8A443633-5B7E-435E-B3BB-D3246A1D89F5}.Release|ARM64.Deploy.0 = Release|ARM64
		{8A443633-5B7E-435E-B3BB-D3246A1D89F5}.Release|x64.ActiveCfg = Release|x64
		{8A443633-5B7E-435E-B3BB-D3246A1D89F5}.Release|x64.Build.0 = Release|x64
		{8A443633-5B7E-435E-B3BB-D3246A1D89F5}.Release|x64.Deploy.0 = Release|x64
		{8A443633-5B7E-435E-B3BB-D3246A1D89F5}.Release|x86.ActiveCfg = Release|x86
		{8A443633-5B7E-435E-B3BB-D3246A1D89F5}.Release|x86.Build.0 = Release|x86
		{8A443633-5B7E-435E-B3BB-D3246A1D89F5}.Release|x86.Deploy.0 = Release|x86
		{7FEDA929-669B-40DE-B361-0A0812C83F62}.Debug|Any CPU.ActiveCfg = Debug|x86
		{7FEDA929-669B-40DE-B361-0A0812C83F62}.Debug|ARM.ActiveCfg = Debug|ARM
		{7FEDA929-669B-40DE-B361-0A0812C83F62}.Debug|ARM.Build.0 = Debug|ARM
		{7FEDA929-669B-40DE-B361-0A0812C83F62}.Debug|ARM.Deploy.0 = Debug|ARM
		{7FEDA929-669B-40DE-B361-0A0812C83F62}.Debug|ARM64.ActiveCfg = Debug|ARM64
		{7FEDA929-669B-40DE-B361-0A0812C83F62}.Debug|ARM64.Build.0 = Debug|ARM64
		{7FEDA929-669B-40DE-B361-0A0812C83F62}.Debug|ARM64.Deploy.0 = Debug|ARM64
		{7FEDA929-669B-40DE-B361-0A0812C83F62}.Debug|x64.ActiveCfg = Debug|x64
		{7FEDA929-669B-40DE-B361-0A0812C83F62}.Debug|x64.Build.0 = Debug|x64
		{7FEDA929-669B-40DE-B361-0A0812C83F62}.Debug|x64.Deploy.0 = Debug|x64
		{7FEDA929-669B-40DE-B361-0A0812C83F62}.Debug|x86.ActiveCfg = Debug|x86
		{7FEDA929-669B-40DE-B361-0A0812C83F62}.Debug|x86.Build.0 = Debug|x86
		{7FEDA929-669B-40DE-B361-0A0812C83F62}.Debug|x86.Deploy.0 = Debug|x86
		{7FEDA929-669B-40DE-B361-0A0812C83F62}.Release|Any CPU.ActiveCfg = Release|x86
		{7FEDA929-669B-40DE-B361-0A0812C83F62}.Release|ARM.ActiveCfg = Release|ARM
		{7FEDA929-669B-40DE-B361-0A0812C83F62}.Release|ARM.Build.0 = Release|ARM
		{7FEDA929-669B-40DE-B361-0A0812C83F62}.Release|ARM.Deploy.0 = Release|ARM
		{7FEDA929-669B-40DE-B361-0A0812C83F62}.Release|ARM64.ActiveCfg = Release|ARM64
		{7FEDA929-669B-40DE-B361-0A0812C83F62}.Release|ARM64.Build.0 = Release|ARM64
		{7FEDA929-669B-40DE-B361-0A0812C83F62}.Release|ARM64.Deploy.0 = Release|ARM64
		{7FEDA929-669B-40DE-B361-0A0812C83F62}.Release|x64.ActiveCfg = Release|x64
		{7FEDA929-669B-40DE-B361-0A0812C83F62}.Release|x64.Build.0 = Release|x64
		{7FEDA929-669B-40DE-B361-0A0812C83F62}.Release|x64.Deploy.0 = Release|x64
		{7FEDA929-669B-40DE-B361-0A0812C83F62}.Release|x86.ActiveCfg = Release|x86
		{7FEDA929-669B-40DE-B361-0A0812C83F62}.Release|x86.Build.0 = Release|x86
		{7FEDA929-669B-40DE-B361-0A0812C83F62}.Release|x86.Deploy.0 = Release|x86
		{9504A2E6-4A46-410C-90FB-F03AC125D57B}.Debug|Any CPU.ActiveCfg = Debug|x86
		{9504A2E6-4A46-410C-90FB-F03AC125D57B}.Debug|ARM.ActiveCfg = Debug|ARM
		{9504A2E6-4A46-410C-90FB-F03AC125D57B}.Debug|ARM.Build.0 = Debug|ARM
		{9504A2E6-4A46-410C-90FB-F03AC125D57B}.Debug|ARM.Deploy.0 = Debug|ARM
		{9504A2E6-4A46-410C-90FB-F03AC125D57B}.Debug|ARM64.ActiveCfg = Debug|ARM64
		{9504A2E6-4A46-410C-90FB-F03AC125D57B}.Debug|ARM64.Build.0 = Debug|ARM64
		{9504A2E6-4A46-410C-90FB-F03AC125D57B}.Debug|ARM64.Deploy.0 = Debug|ARM64
		{9504A2E6-4A46-410C-90FB-F03AC125D57B}.Debug|x64.ActiveCfg = Debug|x64
		{9504A2E6-4A46-410C-90FB-F03AC125D57B}.Debug|x64.Build.0 = Debug|x64
		{9504A2E6-4A46-410C-90FB-F03AC125D57B}.Debug|x64.Deploy.0 = Debug|x64
		{9504A2E6-4A46-410C-90FB-F03AC125D57B}.Debug|x86.ActiveCfg = Debug|x86
		{9504A2E6-4A46-410C-90FB-F03AC125D57B}.Debug|x86.Build.0 = Debug|x86
		{9504A2E6-4A46-410C-90FB-F03AC125D57B}.Debug|x86.Deploy.0 = Debug|x86
		{9504A2E6-4A46-410C-90FB-F03AC125D57B}.Release|Any CPU.ActiveCfg = Release|x86
		{9504A2E6-4A46-410C-90FB-F03AC125D57B}.Release|ARM.ActiveCfg = Release|ARM
		{9504A2E6-4A46-410C-90FB-F03AC125D57B}.Release|ARM.Build.0 = Release|ARM
		{9504A2E6-4A46-410C-90FB-F03AC125D57B}.Release|ARM.Deploy.0 = Release|ARM
		{9504A2E6-4A46-410C-90FB-F03AC125D57B}.Release|ARM64.ActiveCfg = Release|ARM64
		{9504A2E6-4A46-410C-90FB-F03AC125D57B}.Release|ARM64.Build.0 = Release|ARM64
		{9504A2E6-4A46-410C-90FB-F03AC125D57B}.Release|ARM64.Deploy.0 = Release|ARM64
		{9504A2E6-4A46-410C-90FB-F03AC125D57B}.Release|x64.ActiveCfg = Release|x64
		{9504A2E6-4A46-410C-90FB-F03AC125D57B}.Release|x64.Build.0 = Release|x64
		{9504A2E6-4A46-410C-90FB-F03AC125D57B}.Release|x64.Deploy.0 = Release|x64
		{9504A2E6-4A46-410C-90FB-F03AC125D57B}.Release|x86.ActiveCfg = Release|x86
		{9504A2E6-4A46-410C-90FB-F03AC125D57B}.Release|x86.Build.0 = Release|x86
		{9504A2E6-4A46-410C-90FB-F03AC125D57B}.Release|x86.Deploy.0 = Release|x86
		{8E442150-1D97-4115-A1F1-90F7D2BE885F}.Debug|Any CPU.ActiveCfg = Debug|x86
		{8E442150-1D97-4115-A1F1-90F7D2BE885F}.Debug|ARM.ActiveCfg = Debug|ARM
		{8E442150-1D97-4115-A1F1-90F7D2BE885F}.Debug|ARM.Build.0 = Debug|ARM
		{8E442150-1D97-4115-A1F1-90F7D2BE885F}.Debug|ARM.Deploy.0 = Debug|ARM
		{8E442150-1D97-4115-A1F1-90F7D2BE885F}.Debug|ARM64.ActiveCfg = Debug|ARM64
		{8E442150-1D97-4115-A1F1-90F7D2BE885F}.Debug|ARM64.Build.0 = Debug|ARM64
		{8E442150-1D97-4115-A1F1-90F7D2BE885F}.Debug|ARM64.Deploy.0 = Debug|ARM64
		{8E442150-1D97-4115-A1F1-90F7D2BE885F}.Debug|x64.ActiveCfg = Debug|x64
		{8E442150-1D97-4115-A1F1-90F7D2BE885F}.Debug|x64.Build.0 = Debug|x64
		{8E442150-1D97-4115-A1F1-90F7D2BE885F}.Debug|x64.Deploy.0 = Debug|x64
		{8E442150-1D97-4115-A1F1-90F7D2BE885F}.Debug|x86.ActiveCfg = Debug|x86
		{8E442150-1D97-4115-A1F1-90F7D2BE885F}.Debug|x86.Build.0 = Debug|x86
		{8E442150-1D97-4115-A1F1-90F7D2BE885F}.Debug|x86.Deploy.0 = Debug|x86
		{8E442150-1D97-4115-A1F1-90F7D2BE885F}.Release|Any CPU.ActiveCfg = Release|x86
		{8E442150-1D97-4115-A1F1-90F7D2BE885F}.Release|ARM.ActiveCfg = Release|ARM
		{8E442150-1D97-4115-A1F1-90F7D2BE885F}.Release|ARM.Build.0 = Release|ARM
		{8E442150-1D97-4115-A1F1-90F7D2BE885F}.Release|ARM.Deploy.0 = Release|ARM
		{8E442150-1D97-4115-A1F1-90F7D2BE885F}.Release|ARM64.ActiveCfg = Release|ARM64
		{8E442150-1D97-4115-A1F1-90F7D2BE885F}.Release|ARM64.Build.0 = Release|ARM64
		{8E442150-1D97-4115-A1F1-90F7D2BE885F}.Release|ARM64.Deploy.0 = Release|ARM64
		{8E442150-1D97-4115-A1F1-90F7D2BE885F}.Release|x64.ActiveCfg = Release|x64
		{8E442150-1D97-4115-A1F1-90F7D2BE885F}.Release|x64.Build.0 = Release|x64
		{8E442150-1D97-4115-A1F1-90F7D2BE885F}.Release|x64.Deploy.0 = Release|x64
		{8E442150-1D97-4115-A1F1-90F7D2BE885F}.Release|x86.ActiveCfg = Release|x86
		{8E442150-1D97-4115-A1F1-90F7D2BE885F}.Release|x86.Build.0 = Release|x86
		{8E442150-1D97-4115-A1F1-90F7D2BE885F}.Release|x86.Deploy.0 = Release|x86
		{B38CED33-F3A4-42BE-8519-6A58FD3CCAD1}.Debug|Any CPU.ActiveCfg = Debug|Any CPU
		{B38CED33-F3A4-42BE-8519-6A58FD3CCAD1}.Debug|Any CPU.Build.0 = Debug|Any CPU
		{B38CED33-F3A4-42BE-8519-6A58FD3CCAD1}.Debug|ARM.ActiveCfg = Debug|Any CPU
		{B38CED33-F3A4-42BE-8519-6A58FD3CCAD1}.Debug|ARM.Build.0 = Debug|Any CPU
		{B38CED33-F3A4-42BE-8519-6A58FD3CCAD1}.Debug|ARM64.ActiveCfg = Debug|Any CPU
		{B38CED33-F3A4-42BE-8519-6A58FD3CCAD1}.Debug|ARM64.Build.0 = Debug|Any CPU
		{B38CED33-F3A4-42BE-8519-6A58FD3CCAD1}.Debug|x64.ActiveCfg = Debug|Any CPU
		{B38CED33-F3A4-42BE-8519-6A58FD3CCAD1}.Debug|x64.Build.0 = Debug|Any CPU
		{B38CED33-F3A4-42BE-8519-6A58FD3CCAD1}.Debug|x86.ActiveCfg = Debug|Any CPU
		{B38CED33-F3A4-42BE-8519-6A58FD3CCAD1}.Debug|x86.Build.0 = Debug|Any CPU
		{B38CED33-F3A4-42BE-8519-6A58FD3CCAD1}.Release|Any CPU.ActiveCfg = Release|Any CPU
		{B38CED33-F3A4-42BE-8519-6A58FD3CCAD1}.Release|Any CPU.Build.0 = Release|Any CPU
		{B38CED33-F3A4-42BE-8519-6A58FD3CCAD1}.Release|ARM.ActiveCfg = Release|Any CPU
		{B38CED33-F3A4-42BE-8519-6A58FD3CCAD1}.Release|ARM.Build.0 = Release|Any CPU
		{B38CED33-F3A4-42BE-8519-6A58FD3CCAD1}.Release|ARM64.ActiveCfg = Release|Any CPU
		{B38CED33-F3A4-42BE-8519-6A58FD3CCAD1}.Release|ARM64.Build.0 = Release|Any CPU
		{B38CED33-F3A4-42BE-8519-6A58FD3CCAD1}.Release|x64.ActiveCfg = Release|Any CPU
		{B38CED33-F3A4-42BE-8519-6A58FD3CCAD1}.Release|x64.Build.0 = Release|Any CPU
		{B38CED33-F3A4-42BE-8519-6A58FD3CCAD1}.Release|x86.ActiveCfg = Release|Any CPU
		{B38CED33-F3A4-42BE-8519-6A58FD3CCAD1}.Release|x86.Build.0 = Release|Any CPU
		{576252AD-D14C-4376-80F4-4A8CED4FFE40}.Debug|Any CPU.ActiveCfg = Debug|Any CPU
		{576252AD-D14C-4376-80F4-4A8CED4FFE40}.Debug|Any CPU.Build.0 = Debug|Any CPU
		{576252AD-D14C-4376-80F4-4A8CED4FFE40}.Debug|ARM.ActiveCfg = Debug|Any CPU
		{576252AD-D14C-4376-80F4-4A8CED4FFE40}.Debug|ARM.Build.0 = Debug|Any CPU
		{576252AD-D14C-4376-80F4-4A8CED4FFE40}.Debug|ARM64.ActiveCfg = Debug|Any CPU
		{576252AD-D14C-4376-80F4-4A8CED4FFE40}.Debug|ARM64.Build.0 = Debug|Any CPU
		{576252AD-D14C-4376-80F4-4A8CED4FFE40}.Debug|x64.ActiveCfg = Debug|Any CPU
		{576252AD-D14C-4376-80F4-4A8CED4FFE40}.Debug|x64.Build.0 = Debug|Any CPU
		{576252AD-D14C-4376-80F4-4A8CED4FFE40}.Debug|x86.ActiveCfg = Debug|Any CPU
		{576252AD-D14C-4376-80F4-4A8CED4FFE40}.Debug|x86.Build.0 = Debug|Any CPU
		{576252AD-D14C-4376-80F4-4A8CED4FFE40}.Release|Any CPU.ActiveCfg = Release|Any CPU
		{576252AD-D14C-4376-80F4-4A8CED4FFE40}.Release|Any CPU.Build.0 = Release|Any CPU
		{576252AD-D14C-4376-80F4-4A8CED4FFE40}.Release|ARM.ActiveCfg = Release|Any CPU
		{576252AD-D14C-4376-80F4-4A8CED4FFE40}.Release|ARM.Build.0 = Release|Any CPU
		{576252AD-D14C-4376-80F4-4A8CED4FFE40}.Release|ARM64.ActiveCfg = Release|Any CPU
		{576252AD-D14C-4376-80F4-4A8CED4FFE40}.Release|ARM64.Build.0 = Release|Any CPU
		{576252AD-D14C-4376-80F4-4A8CED4FFE40}.Release|x64.ActiveCfg = Release|Any CPU
		{576252AD-D14C-4376-80F4-4A8CED4FFE40}.Release|x64.Build.0 = Release|Any CPU
		{576252AD-D14C-4376-80F4-4A8CED4FFE40}.Release|x86.ActiveCfg = Release|Any CPU
		{576252AD-D14C-4376-80F4-4A8CED4FFE40}.Release|x86.Build.0 = Release|Any CPU
		{405C5993-8422-436D-9CB8-EBA0F9C2297B}.Debug|Any CPU.ActiveCfg = Debug|Any CPU
		{405C5993-8422-436D-9CB8-EBA0F9C2297B}.Debug|Any CPU.Build.0 = Debug|Any CPU
		{405C5993-8422-436D-9CB8-EBA0F9C2297B}.Debug|ARM.ActiveCfg = Debug|Any CPU
		{405C5993-8422-436D-9CB8-EBA0F9C2297B}.Debug|ARM.Build.0 = Debug|Any CPU
		{405C5993-8422-436D-9CB8-EBA0F9C2297B}.Debug|ARM64.ActiveCfg = Debug|Any CPU
		{405C5993-8422-436D-9CB8-EBA0F9C2297B}.Debug|ARM64.Build.0 = Debug|Any CPU
		{405C5993-8422-436D-9CB8-EBA0F9C2297B}.Debug|x64.ActiveCfg = Debug|Any CPU
		{405C5993-8422-436D-9CB8-EBA0F9C2297B}.Debug|x64.Build.0 = Debug|Any CPU
		{405C5993-8422-436D-9CB8-EBA0F9C2297B}.Debug|x86.ActiveCfg = Debug|Any CPU
		{405C5993-8422-436D-9CB8-EBA0F9C2297B}.Debug|x86.Build.0 = Debug|Any CPU
		{405C5993-8422-436D-9CB8-EBA0F9C2297B}.Release|Any CPU.ActiveCfg = Release|Any CPU
		{405C5993-8422-436D-9CB8-EBA0F9C2297B}.Release|Any CPU.Build.0 = Release|Any CPU
		{405C5993-8422-436D-9CB8-EBA0F9C2297B}.Release|ARM.ActiveCfg = Release|Any CPU
		{405C5993-8422-436D-9CB8-EBA0F9C2297B}.Release|ARM.Build.0 = Release|Any CPU
		{405C5993-8422-436D-9CB8-EBA0F9C2297B}.Release|ARM64.ActiveCfg = Release|Any CPU
		{405C5993-8422-436D-9CB8-EBA0F9C2297B}.Release|ARM64.Build.0 = Release|Any CPU
		{405C5993-8422-436D-9CB8-EBA0F9C2297B}.Release|x64.ActiveCfg = Release|Any CPU
		{405C5993-8422-436D-9CB8-EBA0F9C2297B}.Release|x64.Build.0 = Release|Any CPU
		{405C5993-8422-436D-9CB8-EBA0F9C2297B}.Release|x86.ActiveCfg = Release|Any CPU
		{405C5993-8422-436D-9CB8-EBA0F9C2297B}.Release|x86.Build.0 = Release|Any CPU
		{FC0F3BC8-D214-4511-9896-98AC960C9158}.Debug|Any CPU.ActiveCfg = Debug|Any CPU
		{FC0F3BC8-D214-4511-9896-98AC960C9158}.Debug|Any CPU.Build.0 = Debug|Any CPU
		{FC0F3BC8-D214-4511-9896-98AC960C9158}.Debug|ARM.ActiveCfg = Debug|Any CPU
		{FC0F3BC8-D214-4511-9896-98AC960C9158}.Debug|ARM.Build.0 = Debug|Any CPU
		{FC0F3BC8-D214-4511-9896-98AC960C9158}.Debug|ARM64.ActiveCfg = Debug|Any CPU
		{FC0F3BC8-D214-4511-9896-98AC960C9158}.Debug|ARM64.Build.0 = Debug|Any CPU
		{FC0F3BC8-D214-4511-9896-98AC960C9158}.Debug|x64.ActiveCfg = Debug|Any CPU
		{FC0F3BC8-D214-4511-9896-98AC960C9158}.Debug|x64.Build.0 = Debug|Any CPU
		{FC0F3BC8-D214-4511-9896-98AC960C9158}.Debug|x86.ActiveCfg = Debug|Any CPU
		{FC0F3BC8-D214-4511-9896-98AC960C9158}.Debug|x86.Build.0 = Debug|Any CPU
		{FC0F3BC8-D214-4511-9896-98AC960C9158}.Release|Any CPU.ActiveCfg = Release|Any CPU
		{FC0F3BC8-D214-4511-9896-98AC960C9158}.Release|Any CPU.Build.0 = Release|Any CPU
		{FC0F3BC8-D214-4511-9896-98AC960C9158}.Release|ARM.ActiveCfg = Release|Any CPU
		{FC0F3BC8-D214-4511-9896-98AC960C9158}.Release|ARM.Build.0 = Release|Any CPU
		{FC0F3BC8-D214-4511-9896-98AC960C9158}.Release|ARM64.ActiveCfg = Release|Any CPU
		{FC0F3BC8-D214-4511-9896-98AC960C9158}.Release|ARM64.Build.0 = Release|Any CPU
		{FC0F3BC8-D214-4511-9896-98AC960C9158}.Release|x64.ActiveCfg = Release|Any CPU
		{FC0F3BC8-D214-4511-9896-98AC960C9158}.Release|x64.Build.0 = Release|Any CPU
		{FC0F3BC8-D214-4511-9896-98AC960C9158}.Release|x86.ActiveCfg = Release|Any CPU
		{FC0F3BC8-D214-4511-9896-98AC960C9158}.Release|x86.Build.0 = Release|Any CPU
		{96BF57B1-0D7E-497F-943E-522C419A0B0D}.Debug|Any CPU.ActiveCfg = Debug|Win32
		{96BF57B1-0D7E-497F-943E-522C419A0B0D}.Debug|ARM.ActiveCfg = Debug|Win32
		{96BF57B1-0D7E-497F-943E-522C419A0B0D}.Debug|ARM64.ActiveCfg = Debug|Win32
		{96BF57B1-0D7E-497F-943E-522C419A0B0D}.Debug|x64.ActiveCfg = Debug|x64
		{96BF57B1-0D7E-497F-943E-522C419A0B0D}.Debug|x64.Build.0 = Debug|x64
		{96BF57B1-0D7E-497F-943E-522C419A0B0D}.Debug|x86.ActiveCfg = Debug|Win32
		{96BF57B1-0D7E-497F-943E-522C419A0B0D}.Debug|x86.Build.0 = Debug|Win32
		{96BF57B1-0D7E-497F-943E-522C419A0B0D}.Release|Any CPU.ActiveCfg = Release|Win32
		{96BF57B1-0D7E-497F-943E-522C419A0B0D}.Release|ARM.ActiveCfg = Release|Win32
		{96BF57B1-0D7E-497F-943E-522C419A0B0D}.Release|ARM64.ActiveCfg = Release|Win32
		{96BF57B1-0D7E-497F-943E-522C419A0B0D}.Release|x64.ActiveCfg = Release|x64
		{96BF57B1-0D7E-497F-943E-522C419A0B0D}.Release|x64.Build.0 = Release|x64
		{96BF57B1-0D7E-497F-943E-522C419A0B0D}.Release|x86.ActiveCfg = Release|Win32
		{96BF57B1-0D7E-497F-943E-522C419A0B0D}.Release|x86.Build.0 = Release|Win32
		{110D4243-21DA-45C5-A339-CBB539396B0A}.Debug|Any CPU.ActiveCfg = Debug|Any CPU
		{110D4243-21DA-45C5-A339-CBB539396B0A}.Debug|Any CPU.Build.0 = Debug|Any CPU
		{110D4243-21DA-45C5-A339-CBB539396B0A}.Debug|ARM.ActiveCfg = Debug|Any CPU
		{110D4243-21DA-45C5-A339-CBB539396B0A}.Debug|ARM.Build.0 = Debug|Any CPU
		{110D4243-21DA-45C5-A339-CBB539396B0A}.Debug|ARM64.ActiveCfg = Debug|Any CPU
		{110D4243-21DA-45C5-A339-CBB539396B0A}.Debug|ARM64.Build.0 = Debug|Any CPU
		{110D4243-21DA-45C5-A339-CBB539396B0A}.Debug|x64.ActiveCfg = Debug|Any CPU
		{110D4243-21DA-45C5-A339-CBB539396B0A}.Debug|x64.Build.0 = Debug|Any CPU
		{110D4243-21DA-45C5-A339-CBB539396B0A}.Debug|x86.ActiveCfg = Debug|Any CPU
		{110D4243-21DA-45C5-A339-CBB539396B0A}.Debug|x86.Build.0 = Debug|Any CPU
		{110D4243-21DA-45C5-A339-CBB539396B0A}.Release|Any CPU.ActiveCfg = Release|Any CPU
		{110D4243-21DA-45C5-A339-CBB539396B0A}.Release|Any CPU.Build.0 = Release|Any CPU
		{110D4243-21DA-45C5-A339-CBB539396B0A}.Release|ARM.ActiveCfg = Release|Any CPU
		{110D4243-21DA-45C5-A339-CBB539396B0A}.Release|ARM.Build.0 = Release|Any CPU
		{110D4243-21DA-45C5-A339-CBB539396B0A}.Release|ARM64.ActiveCfg = Release|Any CPU
		{110D4243-21DA-45C5-A339-CBB539396B0A}.Release|ARM64.Build.0 = Release|Any CPU
		{110D4243-21DA-45C5-A339-CBB539396B0A}.Release|x64.ActiveCfg = Release|Any CPU
		{110D4243-21DA-45C5-A339-CBB539396B0A}.Release|x64.Build.0 = Release|Any CPU
		{110D4243-21DA-45C5-A339-CBB539396B0A}.Release|x86.ActiveCfg = Release|Any CPU
		{110D4243-21DA-45C5-A339-CBB539396B0A}.Release|x86.Build.0 = Release|Any CPU
		{0A88CA7B-652F-4909-9279-A15C35E9F2DE}.Debug|Any CPU.ActiveCfg = Debug|Win32
		{0A88CA7B-652F-4909-9279-A15C35E9F2DE}.Debug|ARM.ActiveCfg = Debug|Win32
		{0A88CA7B-652F-4909-9279-A15C35E9F2DE}.Debug|ARM64.ActiveCfg = Debug|Win32
		{0A88CA7B-652F-4909-9279-A15C35E9F2DE}.Debug|x64.ActiveCfg = Debug|x64
		{0A88CA7B-652F-4909-9279-A15C35E9F2DE}.Debug|x64.Build.0 = Debug|x64
		{0A88CA7B-652F-4909-9279-A15C35E9F2DE}.Debug|x86.ActiveCfg = Debug|Win32
		{0A88CA7B-652F-4909-9279-A15C35E9F2DE}.Debug|x86.Build.0 = Debug|Win32
		{0A88CA7B-652F-4909-9279-A15C35E9F2DE}.Release|Any CPU.ActiveCfg = Release|Win32
		{0A88CA7B-652F-4909-9279-A15C35E9F2DE}.Release|ARM.ActiveCfg = Release|Win32
		{0A88CA7B-652F-4909-9279-A15C35E9F2DE}.Release|ARM64.ActiveCfg = Release|Win32
		{0A88CA7B-652F-4909-9279-A15C35E9F2DE}.Release|x64.ActiveCfg = Release|x64
		{0A88CA7B-652F-4909-9279-A15C35E9F2DE}.Release|x64.Build.0 = Release|x64
		{0A88CA7B-652F-4909-9279-A15C35E9F2DE}.Release|x86.ActiveCfg = Release|Win32
		{0A88CA7B-652F-4909-9279-A15C35E9F2DE}.Release|x86.Build.0 = Release|Win32
		{EF6AB3F9-98F8-4E14-AE7E-6F52BC774D00}.Debug|Any CPU.ActiveCfg = Debug|x86
		{EF6AB3F9-98F8-4E14-AE7E-6F52BC774D00}.Debug|ARM.ActiveCfg = Debug|ARM
		{EF6AB3F9-98F8-4E14-AE7E-6F52BC774D00}.Debug|ARM.Build.0 = Debug|ARM
		{EF6AB3F9-98F8-4E14-AE7E-6F52BC774D00}.Debug|ARM.Deploy.0 = Debug|ARM
		{EF6AB3F9-98F8-4E14-AE7E-6F52BC774D00}.Debug|ARM64.ActiveCfg = Debug|ARM64
		{EF6AB3F9-98F8-4E14-AE7E-6F52BC774D00}.Debug|ARM64.Build.0 = Debug|ARM64
		{EF6AB3F9-98F8-4E14-AE7E-6F52BC774D00}.Debug|ARM64.Deploy.0 = Debug|ARM64
		{EF6AB3F9-98F8-4E14-AE7E-6F52BC774D00}.Debug|x64.ActiveCfg = Debug|x64
		{EF6AB3F9-98F8-4E14-AE7E-6F52BC774D00}.Debug|x64.Build.0 = Debug|x64
		{EF6AB3F9-98F8-4E14-AE7E-6F52BC774D00}.Debug|x64.Deploy.0 = Debug|x64
		{EF6AB3F9-98F8-4E14-AE7E-6F52BC774D00}.Debug|x86.ActiveCfg = Debug|x86
		{EF6AB3F9-98F8-4E14-AE7E-6F52BC774D00}.Debug|x86.Build.0 = Debug|x86
		{EF6AB3F9-98F8-4E14-AE7E-6F52BC774D00}.Debug|x86.Deploy.0 = Debug|x86
		{EF6AB3F9-98F8-4E14-AE7E-6F52BC774D00}.Release|Any CPU.ActiveCfg = Release|x86
		{EF6AB3F9-98F8-4E14-AE7E-6F52BC774D00}.Release|ARM.ActiveCfg = Release|ARM
		{EF6AB3F9-98F8-4E14-AE7E-6F52BC774D00}.Release|ARM.Build.0 = Release|ARM
		{EF6AB3F9-98F8-4E14-AE7E-6F52BC774D00}.Release|ARM.Deploy.0 = Release|ARM
		{EF6AB3F9-98F8-4E14-AE7E-6F52BC774D00}.Release|ARM64.ActiveCfg = Release|ARM64
		{EF6AB3F9-98F8-4E14-AE7E-6F52BC774D00}.Release|ARM64.Build.0 = Release|ARM64
		{EF6AB3F9-98F8-4E14-AE7E-6F52BC774D00}.Release|ARM64.Deploy.0 = Release|ARM64
		{EF6AB3F9-98F8-4E14-AE7E-6F52BC774D00}.Release|x64.ActiveCfg = Release|x64
		{EF6AB3F9-98F8-4E14-AE7E-6F52BC774D00}.Release|x64.Build.0 = Release|x64
		{EF6AB3F9-98F8-4E14-AE7E-6F52BC774D00}.Release|x64.Deploy.0 = Release|x64
		{EF6AB3F9-98F8-4E14-AE7E-6F52BC774D00}.Release|x86.ActiveCfg = Release|x86
		{EF6AB3F9-98F8-4E14-AE7E-6F52BC774D00}.Release|x86.Build.0 = Release|x86
		{EF6AB3F9-98F8-4E14-AE7E-6F52BC774D00}.Release|x86.Deploy.0 = Release|x86
	EndGlobalSection
	GlobalSection(SolutionProperties) = preSolution
		HideSolutionNode = FALSE
	EndGlobalSection
	GlobalSection(NestedProjects) = preSolution
		{AAA485BB-C0A5-444E-AC77-2113BD232916} = {AC38B859-BE3A-4B39-95C9-480BE8637AF0}
		{FBCA8DB5-5162-4851-8AF8-A4ECFAF43F16} = {87B024B5-97A7-4BB4-B37F-00DB225CE7ED}
		{70046DD1-A276-4920-8DCF-45AC8BFD4446} = {437FBA88-D655-4112-B304-ADB93BA7BA62}
		{060BBE8F-9ABF-4682-B473-60620911E11E} = {437FBA88-D655-4112-B304-ADB93BA7BA62}
		{7384B59E-63A4-4E50-B377-FCE9F9A63508} = {B467C2BF-079C-4242-98CC-D814E4225ABD}
		{64243555-E6C9-4299-90A2-EDB5038C03D8} = {87B024B5-97A7-4BB4-B37F-00DB225CE7ED}
		{40566E96-67FC-4DE2-B787-31EB859BBDD9} = {437FBA88-D655-4112-B304-ADB93BA7BA62}
		{E12DC8AA-5A9D-4E15-A689-43EEA273DA68} = {437FBA88-D655-4112-B304-ADB93BA7BA62}
		{F54D5E70-E881-4F76-BAC5-775FF76838E7} = {437FBA88-D655-4112-B304-ADB93BA7BA62}
		{189A1D9A-3FB5-4BCA-847E-2EC62D977C4F} = {811D341C-FFA3-4BFD-8B26-BDB9A42E59CB}
		{806FF76B-F874-4BF9-BEF9-B05304B21F97} = {811D341C-FFA3-4BFD-8B26-BDB9A42E59CB}
		{8A443633-5B7E-435E-B3BB-D3246A1D89F5} = {87B024B5-97A7-4BB4-B37F-00DB225CE7ED}
		{7FEDA929-669B-40DE-B361-0A0812C83F62} = {AC38B859-BE3A-4B39-95C9-480BE8637AF0}
		{9504A2E6-4A46-410C-90FB-F03AC125D57B} = {B467C2BF-079C-4242-98CC-D814E4225ABD}
		{8E442150-1D97-4115-A1F1-90F7D2BE885F} = {87B024B5-97A7-4BB4-B37F-00DB225CE7ED}
		{AC38B859-BE3A-4B39-95C9-480BE8637AF0} = {8779B6D6-49BA-42BF-8C4E-3FE87AEB2BD9}
		{87B024B5-97A7-4BB4-B37F-00DB225CE7ED} = {8779B6D6-49BA-42BF-8C4E-3FE87AEB2BD9}
		{B38CED33-F3A4-42BE-8519-6A58FD3CCAD1} = {48A17250-09EF-4D2A-9A52-59CCBEC8D7AD}
		{576252AD-D14C-4376-80F4-4A8CED4FFE40} = {48A17250-09EF-4D2A-9A52-59CCBEC8D7AD}
		{405C5993-8422-436D-9CB8-EBA0F9C2297B} = {B6E6C3F0-74F2-46DE-B169-1E98CFC28D68}
		{FC0F3BC8-D214-4511-9896-98AC960C9158} = {B6E6C3F0-74F2-46DE-B169-1E98CFC28D68}
		{96BF57B1-0D7E-497F-943E-522C419A0B0D} = {811D341C-FFA3-4BFD-8B26-BDB9A42E59CB}
		{110D4243-21DA-45C5-A339-CBB539396B0A} = {811D341C-FFA3-4BFD-8B26-BDB9A42E59CB}
		{0A88CA7B-652F-4909-9279-A15C35E9F2DE} = {20493E4C-A7E7-4F55-A363-2A9D9B4D2855}
	EndGlobalSection
	GlobalSection(ExtensibilityGlobals) = postSolution
		SolutionGuid = {92E1B14A-9834-4D16-A6E0-ADB9E50A1ED5}
	EndGlobalSection
EndGlobal
